
Microsoft Visual Studio Solution File, Format Version 12.00
# Visual Studio Version 17
VisualStudioVersion = 17.6.33829.357
MinimumVisualStudioVersion = 10.0.40219.1
Project("{FAE04EC0-301F-11D3-BF4B-00C04F79EFBC}") = "RFIDLibrary", "RFIDLibrary\RFIDLibrary.csproj", "{85202957-CB81-4BF3-835A-59AB15B3F1DF}"
EndProject
Global
	GlobalSection(SolutionConfigurationPlatforms) = preSolution
		Debug|Any CPU = Debug|Any CPU
		Release|Any CPU = Release|Any CPU
	EndGlobalSection
	GlobalSection(ProjectConfigurationPlatforms) = postSolution
		{85202957-CB81-4BF3-835A-59AB15B3F1DF}.Debug|Any CPU.ActiveCfg = Debug|Any CPU
		{85202957-CB81-4BF3-835A-59AB15B3F1DF}.Debug|Any CPU.Build.0 = Debug|Any CPU
		{85202957-CB81-4BF3-835A-59AB15B3F1DF}.Release|Any CPU.ActiveCfg = Release|Any CPU
		{85202957-CB81-4BF3-835A-59AB15B3F1DF}.Release|Any CPU.Build.0 = Release|Any CPU
	EndGlobalSection
	GlobalSection(SolutionProperties) = preSolution
		HideSolutionNode = FALSE
	EndGlobalSection
	GlobalSection(ExtensibilityGlobals) = postSolution
		SolutionGuid = {4E543EFC-11B9-45D4-B888-A4AB0A3EA404}
	EndGlobalSection
EndGlobal
